
Microsoft Visual Studio Solution File, Format Version 12.00
# Visual Studio Version 16
VisualStudioVersion = 16.0.30204.135
MinimumVisualStudioVersion = 15.0.26124.0
Project("{2150E333-8FDC-42A3-9474-1A3956D46DE8}") = "job-schedulers", "job-schedulers", "{BB8DE1AB-1AFE-4B02-892F-13B3EDC49329}"
EndProject
Project("{2150E333-8FDC-42A3-9474-1A3956D46DE8}") = "common", "common", "{2E95125B-BC7C-47DB-842B-AFDA6D2DF7F9}"
EndProject
Project("{9A19103F-16F7-4668-BE54-9A1E7A4F7556}") = "Abacuza.Common", "common\Abacuza.Common\Abacuza.Common.csproj", "{8C81629C-3854-409B-AE1F-74BACB3660EA}"
EndProject
Project("{9A19103F-16F7-4668-BE54-9A1E7A4F7556}") = "Abacuza.JobSchedulers", "job-schedulers\Abacuza.JobSchedulers\Abacuza.JobSchedulers.csproj", "{B7F18221-A0C5-4D12-B397-EC887B9438A5}"
EndProject
Project("{9A19103F-16F7-4668-BE54-9A1E7A4F7556}") = "Abacuza.DataAccess.Mongo", "common\Abacuza.DataAccess.Mongo\Abacuza.DataAccess.Mongo.csproj", "{C8B49E6E-2A26-4EA9-91B2-7A9567E8DDD5}"
EndProject
Project("{2150E333-8FDC-42A3-9474-1A3956D46DE8}") = "clusters", "clusters", "{EA420F0C-57E0-430C-ABF5-6F9548203A37}"
EndProject
Project("{9A19103F-16F7-4668-BE54-9A1E7A4F7556}") = "Abacuza.Clusters.Common", "clusters\Abacuza.Clusters.Common\Abacuza.Clusters.Common.csproj", "{B29A4DF2-4E54-4998-BE95-122F9B5BD0B1}"
EndProject
Project("{9A19103F-16F7-4668-BE54-9A1E7A4F7556}") = "Abacuza.Clusters.Spark", "clusters\Abacuza.Clusters.Spark\Abacuza.Clusters.Spark.csproj", "{96429D03-95A9-4219-9921-0C419AA1316B}"
EndProject
Project("{9A19103F-16F7-4668-BE54-9A1E7A4F7556}") = "Abacuza.Clusters.ApiService", "clusters\Abacuza.Clusters.ApiService\Abacuza.Clusters.ApiService.csproj", "{7198CCC9-EA4A-495B-8190-8FB1561F8182}"
	ProjectSection(ProjectDependencies) = postProject
		{96429D03-95A9-4219-9921-0C419AA1316B} = {96429D03-95A9-4219-9921-0C419AA1316B}
	EndProjectSection
EndProject
Project("{9A19103F-16F7-4668-BE54-9A1E7A4F7556}") = "Abacuza.DataAccess.InMemory", "common\Abacuza.DataAccess.InMemory\Abacuza.DataAccess.InMemory.csproj", "{FCD40043-79B2-41AC-84D9-F17B948BB1EA}"
EndProject
Global
	GlobalSection(SolutionConfigurationPlatforms) = preSolution
		Debug|Any CPU = Debug|Any CPU
		Debug|x64 = Debug|x64
		Debug|x86 = Debug|x86
		Release|Any CPU = Release|Any CPU
		Release|x64 = Release|x64
		Release|x86 = Release|x86
	EndGlobalSection
	GlobalSection(ProjectConfigurationPlatforms) = postSolution
		{8C81629C-3854-409B-AE1F-74BACB3660EA}.Debug|Any CPU.ActiveCfg = Debug|Any CPU
		{8C81629C-3854-409B-AE1F-74BACB3660EA}.Debug|Any CPU.Build.0 = Debug|Any CPU
		{8C81629C-3854-409B-AE1F-74BACB3660EA}.Debug|x64.ActiveCfg = Debug|Any CPU
		{8C81629C-3854-409B-AE1F-74BACB3660EA}.Debug|x64.Build.0 = Debug|Any CPU
		{8C81629C-3854-409B-AE1F-74BACB3660EA}.Debug|x86.ActiveCfg = Debug|Any CPU
		{8C81629C-3854-409B-AE1F-74BACB3660EA}.Debug|x86.Build.0 = Debug|Any CPU
		{8C81629C-3854-409B-AE1F-74BACB3660EA}.Release|Any CPU.ActiveCfg = Release|Any CPU
		{8C81629C-3854-409B-AE1F-74BACB3660EA}.Release|Any CPU.Build.0 = Release|Any CPU
		{8C81629C-3854-409B-AE1F-74BACB3660EA}.Release|x64.ActiveCfg = Release|Any CPU
		{8C81629C-3854-409B-AE1F-74BACB3660EA}.Release|x64.Build.0 = Release|Any CPU
		{8C81629C-3854-409B-AE1F-74BACB3660EA}.Release|x86.ActiveCfg = Release|Any CPU
		{8C81629C-3854-409B-AE1F-74BACB3660EA}.Release|x86.Build.0 = Release|Any CPU
		{B7F18221-A0C5-4D12-B397-EC887B9438A5}.Debug|Any CPU.ActiveCfg = Debug|Any CPU
		{B7F18221-A0C5-4D12-B397-EC887B9438A5}.Debug|Any CPU.Build.0 = Debug|Any CPU
		{B7F18221-A0C5-4D12-B397-EC887B9438A5}.Debug|x64.ActiveCfg = Debug|Any CPU
		{B7F18221-A0C5-4D12-B397-EC887B9438A5}.Debug|x64.Build.0 = Debug|Any CPU
		{B7F18221-A0C5-4D12-B397-EC887B9438A5}.Debug|x86.ActiveCfg = Debug|Any CPU
		{B7F18221-A0C5-4D12-B397-EC887B9438A5}.Debug|x86.Build.0 = Debug|Any CPU
		{B7F18221-A0C5-4D12-B397-EC887B9438A5}.Release|Any CPU.ActiveCfg = Release|Any CPU
		{B7F18221-A0C5-4D12-B397-EC887B9438A5}.Release|Any CPU.Build.0 = Release|Any CPU
		{B7F18221-A0C5-4D12-B397-EC887B9438A5}.Release|x64.ActiveCfg = Release|Any CPU
		{B7F18221-A0C5-4D12-B397-EC887B9438A5}.Release|x64.Build.0 = Release|Any CPU
		{B7F18221-A0C5-4D12-B397-EC887B9438A5}.Release|x86.ActiveCfg = Release|Any CPU
		{B7F18221-A0C5-4D12-B397-EC887B9438A5}.Release|x86.Build.0 = Release|Any CPU
		{C8B49E6E-2A26-4EA9-91B2-7A9567E8DDD5}.Debug|Any CPU.ActiveCfg = Debug|Any CPU
		{C8B49E6E-2A26-4EA9-91B2-7A9567E8DDD5}.Debug|Any CPU.Build.0 = Debug|Any CPU
		{C8B49E6E-2A26-4EA9-91B2-7A9567E8DDD5}.Debug|x64.ActiveCfg = Debug|Any CPU
		{C8B49E6E-2A26-4EA9-91B2-7A9567E8DDD5}.Debug|x64.Build.0 = Debug|Any CPU
		{C8B49E6E-2A26-4EA9-91B2-7A9567E8DDD5}.Debug|x86.ActiveCfg = Debug|Any CPU
		{C8B49E6E-2A26-4EA9-91B2-7A9567E8DDD5}.Debug|x86.Build.0 = Debug|Any CPU
		{C8B49E6E-2A26-4EA9-91B2-7A9567E8DDD5}.Release|Any CPU.ActiveCfg = Release|Any CPU
		{C8B49E6E-2A26-4EA9-91B2-7A9567E8DDD5}.Release|Any CPU.Build.0 = Release|Any CPU
		{C8B49E6E-2A26-4EA9-91B2-7A9567E8DDD5}.Release|x64.ActiveCfg = Release|Any CPU
		{C8B49E6E-2A26-4EA9-91B2-7A9567E8DDD5}.Release|x64.Build.0 = Release|Any CPU
		{C8B49E6E-2A26-4EA9-91B2-7A9567E8DDD5}.Release|x86.ActiveCfg = Release|Any CPU
		{C8B49E6E-2A26-4EA9-91B2-7A9567E8DDD5}.Release|x86.Build.0 = Release|Any CPU
		{B29A4DF2-4E54-4998-BE95-122F9B5BD0B1}.Debug|Any CPU.ActiveCfg = Debug|Any CPU
		{B29A4DF2-4E54-4998-BE95-122F9B5BD0B1}.Debug|Any CPU.Build.0 = Debug|Any CPU
		{B29A4DF2-4E54-4998-BE95-122F9B5BD0B1}.Debug|x64.ActiveCfg = Debug|Any CPU
		{B29A4DF2-4E54-4998-BE95-122F9B5BD0B1}.Debug|x64.Build.0 = Debug|Any CPU
		{B29A4DF2-4E54-4998-BE95-122F9B5BD0B1}.Debug|x86.ActiveCfg = Debug|Any CPU
		{B29A4DF2-4E54-4998-BE95-122F9B5BD0B1}.Debug|x86.Build.0 = Debug|Any CPU
		{B29A4DF2-4E54-4998-BE95-122F9B5BD0B1}.Release|Any CPU.ActiveCfg = Release|Any CPU
		{B29A4DF2-4E54-4998-BE95-122F9B5BD0B1}.Release|Any CPU.Build.0 = Release|Any CPU
		{B29A4DF2-4E54-4998-BE95-122F9B5BD0B1}.Release|x64.ActiveCfg = Release|Any CPU
		{B29A4DF2-4E54-4998-BE95-122F9B5BD0B1}.Release|x64.Build.0 = Release|Any CPU
		{B29A4DF2-4E54-4998-BE95-122F9B5BD0B1}.Release|x86.ActiveCfg = Release|Any CPU
		{B29A4DF2-4E54-4998-BE95-122F9B5BD0B1}.Release|x86.Build.0 = Release|Any CPU
		{96429D03-95A9-4219-9921-0C419AA1316B}.Debug|Any CPU.ActiveCfg = Debug|Any CPU
		{96429D03-95A9-4219-9921-0C419AA1316B}.Debug|Any CPU.Build.0 = Debug|Any CPU
		{96429D03-95A9-4219-9921-0C419AA1316B}.Debug|x64.ActiveCfg = Debug|Any CPU
		{96429D03-95A9-4219-9921-0C419AA1316B}.Debug|x64.Build.0 = Debug|Any CPU
		{96429D03-95A9-4219-9921-0C419AA1316B}.Debug|x86.ActiveCfg = Debug|Any CPU
		{96429D03-95A9-4219-9921-0C419AA1316B}.Debug|x86.Build.0 = Debug|Any CPU
		{96429D03-95A9-4219-9921-0C419AA1316B}.Release|Any CPU.ActiveCfg = Release|Any CPU
		{96429D03-95A9-4219-9921-0C419AA1316B}.Release|Any CPU.Build.0 = Release|Any CPU
		{96429D03-95A9-4219-9921-0C419AA1316B}.Release|x64.ActiveCfg = Release|Any CPU
		{96429D03-95A9-4219-9921-0C419AA1316B}.Release|x64.Build.0 = Release|Any CPU
		{96429D03-95A9-4219-9921-0C419AA1316B}.Release|x86.ActiveCfg = Release|Any CPU
		{96429D03-95A9-4219-9921-0C419AA1316B}.Release|x86.Build.0 = Release|Any CPU
		{7198CCC9-EA4A-495B-8190-8FB1561F8182}.Debug|Any CPU.ActiveCfg = Debug|Any CPU
		{7198CCC9-EA4A-495B-8190-8FB1561F8182}.Debug|Any CPU.Build.0 = Debug|Any CPU
		{7198CCC9-EA4A-495B-8190-8FB1561F8182}.Debug|x64.ActiveCfg = Debug|Any CPU
		{7198CCC9-EA4A-495B-8190-8FB1561F8182}.Debug|x64.Build.0 = Debug|Any CPU
		{7198CCC9-EA4A-495B-8190-8FB1561F8182}.Debug|x86.ActiveCfg = Debug|Any CPU
		{7198CCC9-EA4A-495B-8190-8FB1561F8182}.Debug|x86.Build.0 = Debug|Any CPU
		{7198CCC9-EA4A-495B-8190-8FB1561F8182}.Release|Any CPU.ActiveCfg = Release|Any CPU
		{7198CCC9-EA4A-495B-8190-8FB1561F8182}.Release|Any CPU.Build.0 = Release|Any CPU
		{7198CCC9-EA4A-495B-8190-8FB1561F8182}.Release|x64.ActiveCfg = Release|Any CPU
		{7198CCC9-EA4A-495B-8190-8FB1561F8182}.Release|x64.Build.0 = Release|Any CPU
		{7198CCC9-EA4A-495B-8190-8FB1561F8182}.Release|x86.ActiveCfg = Release|Any CPU
		{7198CCC9-EA4A-495B-8190-8FB1561F8182}.Release|x86.Build.0 = Release|Any CPU
		{FCD40043-79B2-41AC-84D9-F17B948BB1EA}.Debug|Any CPU.ActiveCfg = Debug|Any CPU
		{FCD40043-79B2-41AC-84D9-F17B948BB1EA}.Debug|Any CPU.Build.0 = Debug|Any CPU
		{FCD40043-79B2-41AC-84D9-F17B948BB1EA}.Debug|x64.ActiveCfg = Debug|Any CPU
		{FCD40043-79B2-41AC-84D9-F17B948BB1EA}.Debug|x64.Build.0 = Debug|Any CPU
		{FCD40043-79B2-41AC-84D9-F17B948BB1EA}.Debug|x86.ActiveCfg = Debug|Any CPU
		{FCD40043-79B2-41AC-84D9-F17B948BB1EA}.Debug|x86.Build.0 = Debug|Any CPU
		{FCD40043-79B2-41AC-84D9-F17B948BB1EA}.Release|Any CPU.ActiveCfg = Release|Any CPU
		{FCD40043-79B2-41AC-84D9-F17B948BB1EA}.Release|Any CPU.Build.0 = Release|Any CPU
		{FCD40043-79B2-41AC-84D9-F17B948BB1EA}.Release|x64.ActiveCfg = Release|Any CPU
		{FCD40043-79B2-41AC-84D9-F17B948BB1EA}.Release|x64.Build.0 = Release|Any CPU
		{FCD40043-79B2-41AC-84D9-F17B948BB1EA}.Release|x86.ActiveCfg = Release|Any CPU
		{FCD40043-79B2-41AC-84D9-F17B948BB1EA}.Release|x86.Build.0 = Release|Any CPU
	EndGlobalSection
	GlobalSection(SolutionProperties) = preSolution
		HideSolutionNode = FALSE
	EndGlobalSection
	GlobalSection(NestedProjects) = preSolution
		{8C81629C-3854-409B-AE1F-74BACB3660EA} = {2E95125B-BC7C-47DB-842B-AFDA6D2DF7F9}
		{B7F18221-A0C5-4D12-B397-EC887B9438A5} = {BB8DE1AB-1AFE-4B02-892F-13B3EDC49329}
		{C8B49E6E-2A26-4EA9-91B2-7A9567E8DDD5} = {2E95125B-BC7C-47DB-842B-AFDA6D2DF7F9}
		{B29A4DF2-4E54-4998-BE95-122F9B5BD0B1} = {EA420F0C-57E0-430C-ABF5-6F9548203A37}
		{96429D03-95A9-4219-9921-0C419AA1316B} = {EA420F0C-57E0-430C-ABF5-6F9548203A37}
		{7198CCC9-EA4A-495B-8190-8FB1561F8182} = {EA420F0C-57E0-430C-ABF5-6F9548203A37}
		{FCD40043-79B2-41AC-84D9-F17B948BB1EA} = {2E95125B-BC7C-47DB-842B-AFDA6D2DF7F9}
	EndGlobalSection
	GlobalSection(ExtensibilityGlobals) = postSolution
		SolutionGuid = {37762C87-D4E9-4C03-9476-E519F44ED3D1}
	EndGlobalSection
EndGlobal
